
Microsoft Visual Studio Solution File, Format Version 12.00
# Visual Studio Version 16
VisualStudioVersion = 16.0.30907.101
MinimumVisualStudioVersion = 10.0.40219.1
Project("{9A19103F-16F7-4668-BE54-9A1E7A4F7556}") = "Entities", "Entities\Entities.csproj", "{21D5176D-CFB9-4671-B076-5E35B6B95D90}"
EndProject
Project("{9A19103F-16F7-4668-BE54-9A1E7A4F7556}") = "DataAccess", "DataAccess\DataAccess.csproj", "{7661485C-6B4C-4886-BC79-2F7D843769AD}"
EndProject
Project("{9A19103F-16F7-4668-BE54-9A1E7A4F7556}") = "Business", "Business\Business.csproj", "{A929ED29-CED9-496C-9E31-A8F94C23C267}"
EndProject
Project("{9A19103F-16F7-4668-BE54-9A1E7A4F7556}") = "ConsoleUI", "ConsoleUI\ConsoleUI.csproj", "{FC9430FF-763E-4401-B35A-BA1E9C692944}"
EndProject
Project("{FAE04EC0-301F-11D3-BF4B-00C04F79EFBC}") = "Core", "Core\Core.csproj", "{9CB415DA-12A7-4437-A2E5-9CF3F545E6C3}"
EndProject
Global
	GlobalSection(SolutionConfigurationPlatforms) = preSolution
		Debug|Any CPU = Debug|Any CPU
		Release|Any CPU = Release|Any CPU
	EndGlobalSection
	GlobalSection(ProjectConfigurationPlatforms) = postSolution
		{21D5176D-CFB9-4671-B076-5E35B6B95D90}.Debug|Any CPU.ActiveCfg = Debug|Any CPU
		{21D5176D-CFB9-4671-B076-5E35B6B95D90}.Debug|Any CPU.Build.0 = Debug|Any CPU
		{21D5176D-CFB9-4671-B076-5E35B6B95D90}.Release|Any CPU.ActiveCfg = Release|Any CPU
		{21D5176D-CFB9-4671-B076-5E35B6B95D90}.Release|Any CPU.Build.0 = Release|Any CPU
		{7661485C-6B4C-4886-BC79-2F7D843769AD}.Debug|Any CPU.ActiveCfg = Debug|Any CPU
		{7661485C-6B4C-4886-BC79-2F7D843769AD}.Debug|Any CPU.Build.0 = Debug|Any CPU
		{7661485C-6B4C-4886-BC79-2F7D843769AD}.Release|Any CPU.ActiveCfg = Release|Any CPU
		{7661485C-6B4C-4886-BC79-2F7D843769AD}.Release|Any CPU.Build.0 = Release|Any CPU
		{A929ED29-CED9-496C-9E31-A8F94C23C267}.Debug|Any CPU.ActiveCfg = Debug|Any CPU
		{A929ED29-CED9-496C-9E31-A8F94C23C267}.Debug|Any CPU.Build.0 = Debug|Any CPU
		{A929ED29-CED9-496C-9E31-A8F94C23C267}.Release|Any CPU.ActiveCfg = Release|Any CPU
		{A929ED29-CED9-496C-9E31-A8F94C23C267}.Release|Any CPU.Build.0 = Release|Any CPU
		{FC9430FF-763E-4401-B35A-BA1E9C692944}.Debug|Any CPU.ActiveCfg = Debug|Any CPU
		{FC9430FF-763E-4401-B35A-BA1E9C692944}.Debug|Any CPU.Build.0 = Debug|Any CPU
		{FC9430FF-763E-4401-B35A-BA1E9C692944}.Release|Any CPU.ActiveCfg = Release|Any CPU
		{FC9430FF-763E-4401-B35A-BA1E9C692944}.Release|Any CPU.Build.0 = Release|Any CPU
		{9CB415DA-12A7-4437-A2E5-9CF3F545E6C3}.Debug|Any CPU.ActiveCfg = Debug|Any CPU
		{9CB415DA-12A7-4437-A2E5-9CF3F545E6C3}.Debug|Any CPU.Build.0 = Debug|Any CPU
		{9CB415DA-12A7-4437-A2E5-9CF3F545E6C3}.Release|Any CPU.ActiveCfg = Release|Any CPU
		{9CB415DA-12A7-4437-A2E5-9CF3F545E6C3}.Release|Any CPU.Build.0 = Release|Any CPU
	EndGlobalSection
	GlobalSection(SolutionProperties) = preSolution
		HideSolutionNode = FALSE
	EndGlobalSection
	GlobalSection(ExtensibilityGlobals) = postSolution
		SolutionGuid = {98B531DB-3135-439B-9A1D-C5F388AC2E1F}
	EndGlobalSection
EndGlobal
